// !$*UTF8*$!
{
	archiveVersion = 1;
	classes = {
	};
	objectVersion = 46;
	objects = {

/* Begin PBXBuildFile section */
		01A6D65A6E682E68E565C553 /* Pods_MVVM.framework in Frameworks */ = {isa = PBXBuildFile; fileRef = 4C7741357C4EE0394D718A5A /* Pods_MVVM.framework */; };
		A40914C71F39DE5C00D8B470 /* main.m in Sources */ = {isa = PBXBuildFile; fileRef = A40914C61F39DE5C00D8B470 /* main.m */; };
		A40914CA1F39DE5C00D8B470 /* AppDelegate.m in Sources */ = {isa = PBXBuildFile; fileRef = A40914C91F39DE5C00D8B470 /* AppDelegate.m */; };
		A40914CD1F39DE5C00D8B470 /* ViewController.m in Sources */ = {isa = PBXBuildFile; fileRef = A40914CC1F39DE5C00D8B470 /* ViewController.m */; };
		A40914D01F39DE5C00D8B470 /* Main.storyboard in Resources */ = {isa = PBXBuildFile; fileRef = A40914CE1F39DE5C00D8B470 /* Main.storyboard */; };
		A40914D21F39DE5C00D8B470 /* Assets.xcassets in Resources */ = {isa = PBXBuildFile; fileRef = A40914D11F39DE5C00D8B470 /* Assets.xcassets */; };
		A40914D51F39DE5C00D8B470 /* LaunchScreen.storyboard in Resources */ = {isa = PBXBuildFile; fileRef = A40914D31F39DE5C00D8B470 /* LaunchScreen.storyboard */; };
		A40914E01F39DE5C00D8B470 /* MVVMTests.m in Sources */ = {isa = PBXBuildFile; fileRef = A40914DF1F39DE5C00D8B470 /* MVVMTests.m */; };
		A40914EB1F39DE5C00D8B470 /* MVVMUITests.m in Sources */ = {isa = PBXBuildFile; fileRef = A40914EA1F39DE5C00D8B470 /* MVVMUITests.m */; };
		A40914FD1F39E32E00D8B470 /* MessageCell.m in Sources */ = {isa = PBXBuildFile; fileRef = A40914FC1F39E32E00D8B470 /* MessageCell.m */; };
		A40915001F39E4F500D8B470 /* MessageModel.m in Sources */ = {isa = PBXBuildFile; fileRef = A40914FF1F39E4F500D8B470 /* MessageModel.m */; };
		A40915031F39E50C00D8B470 /* MessageViewModel.m in Sources */ = {isa = PBXBuildFile; fileRef = A40915021F39E50C00D8B470 /* MessageViewModel.m */; };
		A40915081F39EBB600D8B470 /* Zltools.m in Sources */ = {isa = PBXBuildFile; fileRef = A40915071F39EBB600D8B470 /* Zltools.m */; };
/* End PBXBuildFile section */

/* Begin PBXContainerItemProxy section */
		A40914DC1F39DE5C00D8B470 /* PBXContainerItemProxy */ = {
			isa = PBXContainerItemProxy;
			containerPortal = A40914BA1F39DE5C00D8B470 /* Project object */;
			proxyType = 1;
			remoteGlobalIDString = A40914C11F39DE5C00D8B470;
			remoteInfo = MVVM;
		};
		A40914E71F39DE5C00D8B470 /* PBXContainerItemProxy */ = {
			isa = PBXContainerItemProxy;
			containerPortal = A40914BA1F39DE5C00D8B470 /* Project object */;
			proxyType = 1;
			remoteGlobalIDString = A40914C11F39DE5C00D8B470;
			remoteInfo = MVVM;
		};
/* End PBXContainerItemProxy section */

/* Begin PBXFileReference section */
		4864DB96F48A7A79B11E48C3 /* Pods-MVVM.debug.xcconfig */ = {isa = PBXFileReference; includeInIndex = 1; lastKnownFileType = text.xcconfig; name = "Pods-MVVM.debug.xcconfig"; path = "Pods/Target Support Files/Pods-MVVM/Pods-MVVM.debug.xcconfig"; sourceTree = "<group>"; };
		4C7741357C4EE0394D718A5A /* Pods_MVVM.framework */ = {isa = PBXFileReference; explicitFileType = wrapper.framework; includeInIndex = 0; path = Pods_MVVM.framework; sourceTree = BUILT_PRODUCTS_DIR; };
		A40914C21F39DE5C00D8B470 /* MVVM.app */ = {isa = PBXFileReference; explicitFileType = wrapper.application; includeInIndex = 0; path = MVVM.app; sourceTree = BUILT_PRODUCTS_DIR; };
		A40914C61F39DE5C00D8B470 /* main.m */ = {isa = PBXFileReference; lastKnownFileType = sourcecode.c.objc; path = main.m; sourceTree = "<group>"; };
		A40914C81F39DE5C00D8B470 /* AppDelegate.h */ = {isa = PBXFileReference; lastKnownFileType = sourcecode.c.h; path = AppDelegate.h; sourceTree = "<group>"; };
		A40914C91F39DE5C00D8B470 /* AppDelegate.m */ = {isa = PBXFileReference; lastKnownFileType = sourcecode.c.objc; path = AppDelegate.m; sourceTree = "<group>"; };
		A40914CB1F39DE5C00D8B470 /* ViewController.h */ = {isa = PBXFileReference; lastKnownFileType = sourcecode.c.h; path = ViewController.h; sourceTree = "<group>"; };
		A40914CC1F39DE5C00D8B470 /* ViewController.m */ = {isa = PBXFileReference; lastKnownFileType = sourcecode.c.objc; path = ViewController.m; sourceTree = "<group>"; };
		A40914CF1F39DE5C00D8B470 /* Base */ = {isa = PBXFileReference; lastKnownFileType = file.storyboard; name = Base; path = Base.lproj/Main.storyboard; sourceTree = "<group>"; };
		A40914D11F39DE5C00D8B470 /* Assets.xcassets */ = {isa = PBXFileReference; lastKnownFileType = folder.assetcatalog; path = Assets.xcassets; sourceTree = "<group>"; };
		A40914D41F39DE5C00D8B470 /* Base */ = {isa = PBXFileReference; lastKnownFileType = file.storyboard; name = Base; path = Base.lproj/LaunchScreen.storyboard; sourceTree = "<group>"; };
		A40914D61F39DE5C00D8B470 /* Info.plist */ = {isa = PBXFileReference; lastKnownFileType = text.plist.xml; path = Info.plist; sourceTree = "<group>"; };
		A40914DB1F39DE5C00D8B470 /* MVVMTests.xctest */ = {isa = PBXFileReference; explicitFileType = wrapper.cfbundle; includeInIndex = 0; path = MVVMTests.xctest; sourceTree = BUILT_PRODUCTS_DIR; };
		A40914DF1F39DE5C00D8B470 /* MVVMTests.m */ = {isa = PBXFileReference; lastKnownFileType = sourcecode.c.objc; path = MVVMTests.m; sourceTree = "<group>"; };
		A40914E11F39DE5C00D8B470 /* Info.plist */ = {isa = PBXFileReference; lastKnownFileType = text.plist.xml; path = Info.plist; sourceTree = "<group>"; };
		A40914E61F39DE5C00D8B470 /* MVVMUITests.xctest */ = {isa = PBXFileReference; explicitFileType = wrapper.cfbundle; includeInIndex = 0; path = MVVMUITests.xctest; sourceTree = BUILT_PRODUCTS_DIR; };
		A40914EA1F39DE5C00D8B470 /* MVVMUITests.m */ = {isa = PBXFileReference; lastKnownFileType = sourcecode.c.objc; path = MVVMUITests.m; sourceTree = "<group>"; };
		A40914EC1F39DE5C00D8B470 /* Info.plist */ = {isa = PBXFileReference; lastKnownFileType = text.plist.xml; path = Info.plist; sourceTree = "<group>"; };
		A40914FB1F39E32E00D8B470 /* MessageCell.h */ = {isa = PBXFileReference; fileEncoding = 4; lastKnownFileType = sourcecode.c.h; path = MessageCell.h; sourceTree = "<group>"; };
		A40914FC1F39E32E00D8B470 /* MessageCell.m */ = {isa = PBXFileReference; fileEncoding = 4; lastKnownFileType = sourcecode.c.objc; path = MessageCell.m; sourceTree = "<group>"; };
		A40914FE1F39E4F500D8B470 /* MessageModel.h */ = {isa = PBXFileReference; fileEncoding = 4; lastKnownFileType = sourcecode.c.h; path = MessageModel.h; sourceTree = "<group>"; };
		A40914FF1F39E4F500D8B470 /* MessageModel.m */ = {isa = PBXFileReference; fileEncoding = 4; lastKnownFileType = sourcecode.c.objc; path = MessageModel.m; sourceTree = "<group>"; };
		A40915011F39E50C00D8B470 /* MessageViewModel.h */ = {isa = PBXFileReference; fileEncoding = 4; lastKnownFileType = sourcecode.c.h; path = MessageViewModel.h; sourceTree = "<group>"; };
		A40915021F39E50C00D8B470 /* MessageViewModel.m */ = {isa = PBXFileReference; fileEncoding = 4; lastKnownFileType = sourcecode.c.objc; path = MessageViewModel.m; sourceTree = "<group>"; };
		A40915061F39EBB600D8B470 /* Zltools.h */ = {isa = PBXFileReference; fileEncoding = 4; lastKnownFileType = sourcecode.c.h; path = Zltools.h; sourceTree = "<group>"; };
		A40915071F39EBB600D8B470 /* Zltools.m */ = {isa = PBXFileReference; fileEncoding = 4; lastKnownFileType = sourcecode.c.objc; path = Zltools.m; sourceTree = "<group>"; };
		E70F3C9FD42053CCC22C7465 /* Pods-MVVM.release.xcconfig */ = {isa = PBXFileReference; includeInIndex = 1; lastKnownFileType = text.xcconfig; name = "Pods-MVVM.release.xcconfig"; path = "Pods/Target Support Files/Pods-MVVM/Pods-MVVM.release.xcconfig"; sourceTree = "<group>"; };
/* End PBXFileReference section */

/* Begin PBXFrameworksBuildPhase section */
		A40914BF1F39DE5C00D8B470 /* Frameworks */ = {
			isa = PBXFrameworksBuildPhase;
			buildActionMask = 2147483647;
			files = (
				01A6D65A6E682E68E565C553 /* Pods_MVVM.framework in Frameworks */,
			);
			runOnlyForDeploymentPostprocessing = 0;
		};
		A40914D81F39DE5C00D8B470 /* Frameworks */ = {
			isa = PBXFrameworksBuildPhase;
			buildActionMask = 2147483647;
			files = (
			);
			runOnlyForDeploymentPostprocessing = 0;
		};
		A40914E31F39DE5C00D8B470 /* Frameworks */ = {
			isa = PBXFrameworksBuildPhase;
			buildActionMask = 2147483647;
			files = (
			);
			runOnlyForDeploymentPostprocessing = 0;
		};
/* End PBXFrameworksBuildPhase section */

/* Begin PBXGroup section */
		0EEB6F1FBBC935A466FD08A3 /* Frameworks */ = {
			isa = PBXGroup;
			children = (
				4C7741357C4EE0394D718A5A /* Pods_MVVM.framework */,
			);
			name = Frameworks;
			sourceTree = "<group>";
		};
		A40914B91F39DE5C00D8B470 = {
			isa = PBXGroup;
			children = (
				A40914C41F39DE5C00D8B470 /* MVVM */,
				A40914DE1F39DE5C00D8B470 /* MVVMTests */,
				A40914E91F39DE5C00D8B470 /* MVVMUITests */,
				A40914C31F39DE5C00D8B470 /* Products */,
				F549D3518F7A3400390F7FC5 /* Pods */,
				0EEB6F1FBBC935A466FD08A3 /* Frameworks */,
			);
			sourceTree = "<group>";
		};
		A40914C31F39DE5C00D8B470 /* Products */ = {
			isa = PBXGroup;
			children = (
				A40914C21F39DE5C00D8B470 /* MVVM.app */,
				A40914DB1F39DE5C00D8B470 /* MVVMTests.xctest */,
				A40914E61F39DE5C00D8B470 /* MVVMUITests.xctest */,
			);
			name = Products;
			sourceTree = "<group>";
		};
		A40914C41F39DE5C00D8B470 /* MVVM */ = {
			isa = PBXGroup;
			children = (
				A40915051F39EB9F00D8B470 /* Tools */,
				A40914C81F39DE5C00D8B470 /* AppDelegate.h */,
				A40914C91F39DE5C00D8B470 /* AppDelegate.m */,
				A40914CB1F39DE5C00D8B470 /* ViewController.h */,
				A40914CC1F39DE5C00D8B470 /* ViewController.m */,
				A40914FA1F39E2E800D8B470 /* View */,
				A40914F91F39E2E500D8B470 /* Model */,
				A40914F81F39E2E000D8B470 /* ViewModel */,
				A40914CE1F39DE5C00D8B470 /* Main.storyboard */,
				A40914D11F39DE5C00D8B470 /* Assets.xcassets */,
				A40914D31F39DE5C00D8B470 /* LaunchScreen.storyboard */,
				A40914D61F39DE5C00D8B470 /* Info.plist */,
				A40914C51F39DE5C00D8B470 /* Supporting Files */,
			);
			path = MVVM;
			sourceTree = "<group>";
		};
		A40914C51F39DE5C00D8B470 /* Supporting Files */ = {
			isa = PBXGroup;
			children = (
				A40914C61F39DE5C00D8B470 /* main.m */,
			);
			name = "Supporting Files";
			sourceTree = "<group>";
		};
		A40914DE1F39DE5C00D8B470 /* MVVMTests */ = {
			isa = PBXGroup;
			children = (
				A40914DF1F39DE5C00D8B470 /* MVVMTests.m */,
				A40914E11F39DE5C00D8B470 /* Info.plist */,
			);
			path = MVVMTests;
			sourceTree = "<group>";
		};
		A40914E91F39DE5C00D8B470 /* MVVMUITests */ = {
			isa = PBXGroup;
			children = (
				A40914EA1F39DE5C00D8B470 /* MVVMUITests.m */,
				A40914EC1F39DE5C00D8B470 /* Info.plist */,
			);
			path = MVVMUITests;
			sourceTree = "<group>";
		};
		A40914F81F39E2E000D8B470 /* ViewModel */ = {
			isa = PBXGroup;
			children = (
				A40915011F39E50C00D8B470 /* MessageViewModel.h */,
				A40915021F39E50C00D8B470 /* MessageViewModel.m */,
			);
			name = ViewModel;
			sourceTree = "<group>";
		};
		A40914F91F39E2E500D8B470 /* Model */ = {
			isa = PBXGroup;
			children = (
				A40914FE1F39E4F500D8B470 /* MessageModel.h */,
				A40914FF1F39E4F500D8B470 /* MessageModel.m */,
			);
			name = Model;
			sourceTree = "<group>";
		};
		A40914FA1F39E2E800D8B470 /* View */ = {
			isa = PBXGroup;
			children = (
				A40914FB1F39E32E00D8B470 /* MessageCell.h */,
				A40914FC1F39E32E00D8B470 /* MessageCell.m */,
			);
			name = View;
			sourceTree = "<group>";
		};
		A40915051F39EB9F00D8B470 /* Tools */ = {
			isa = PBXGroup;
			children = (
				A40915061F39EBB600D8B470 /* Zltools.h */,
				A40915071F39EBB600D8B470 /* Zltools.m */,
			);
			name = Tools;
			sourceTree = "<group>";
		};
		F549D3518F7A3400390F7FC5 /* Pods */ = {
			isa = PBXGroup;
			children = (
				4864DB96F48A7A79B11E48C3 /* Pods-MVVM.debug.xcconfig */,
				E70F3C9FD42053CCC22C7465 /* Pods-MVVM.release.xcconfig */,
			);
			name = Pods;
			sourceTree = "<group>";
		};
/* End PBXGroup section */

/* Begin PBXNativeTarget section */
		A40914C11F39DE5C00D8B470 /* MVVM */ = {
			isa = PBXNativeTarget;
			buildConfigurationList = A40914EF1F39DE5C00D8B470 /* Build configuration list for PBXNativeTarget "MVVM" */;
			buildPhases = (
				425877AA386CAB43F86491A8 /* [CP] Check Pods Manifest.lock */,
				A40914BE1F39DE5C00D8B470 /* Sources */,
				A40914BF1F39DE5C00D8B470 /* Frameworks */,
				A40914C01F39DE5C00D8B470 /* Resources */,
				89BB389BAA5ACAE028951A81 /* [CP] Embed Pods Frameworks */,
				BC4B0D4532D4FC314C26C259 /* [CP] Copy Pods Resources */,
			);
			buildRules = (
			);
			dependencies = (
			);
			name = MVVM;
			productName = MVVM;
			productReference = A40914C21F39DE5C00D8B470 /* MVVM.app */;
			productType = "com.apple.product-type.application";
		};
		A40914DA1F39DE5C00D8B470 /* MVVMTests */ = {
			isa = PBXNativeTarget;
			buildConfigurationList = A40914F21F39DE5C00D8B470 /* Build configuration list for PBXNativeTarget "MVVMTests" */;
			buildPhases = (
				A40914D71F39DE5C00D8B470 /* Sources */,
				A40914D81F39DE5C00D8B470 /* Frameworks */,
				A40914D91F39DE5C00D8B470 /* Resources */,
			);
			buildRules = (
			);
			dependencies = (
				A40914DD1F39DE5C00D8B470 /* PBXTargetDependency */,
			);
			name = MVVMTests;
			productName = MVVMTests;
			productReference = A40914DB1F39DE5C00D8B470 /* MVVMTests.xctest */;
			productType = "com.apple.product-type.bundle.unit-test";
		};
		A40914E51F39DE5C00D8B470 /* MVVMUITests */ = {
			isa = PBXNativeTarget;
			buildConfigurationList = A40914F51F39DE5C00D8B470 /* Build configuration list for PBXNativeTarget "MVVMUITests" */;
			buildPhases = (
				A40914E21F39DE5C00D8B470 /* Sources */,
				A40914E31F39DE5C00D8B470 /* Frameworks */,
				A40914E41F39DE5C00D8B470 /* Resources */,
			);
			buildRules = (
			);
			dependencies = (
				A40914E81F39DE5C00D8B470 /* PBXTargetDependency */,
			);
			name = MVVMUITests;
			productName = MVVMUITests;
			productReference = A40914E61F39DE5C00D8B470 /* MVVMUITests.xctest */;
			productType = "com.apple.product-type.bundle.ui-testing";
		};
/* End PBXNativeTarget section */

/* Begin PBXProject section */
		A40914BA1F39DE5C00D8B470 /* Project object */ = {
			isa = PBXProject;
			attributes = {
				LastUpgradeCheck = 0820;
				ORGANIZATIONNAME = "趙乐樂";
				TargetAttributes = {
					A40914C11F39DE5C00D8B470 = {
						CreatedOnToolsVersion = 8.2;
						DevelopmentTeam = R8J52W555P;
						ProvisioningStyle = Automatic;
					};
					A40914DA1F39DE5C00D8B470 = {
						CreatedOnToolsVersion = 8.2;
						DevelopmentTeam = R8J52W555P;
						ProvisioningStyle = Automatic;
						TestTargetID = A40914C11F39DE5C00D8B470;
					};
					A40914E51F39DE5C00D8B470 = {
						CreatedOnToolsVersion = 8.2;
						DevelopmentTeam = R8J52W555P;
						ProvisioningStyle = Automatic;
						TestTargetID = A40914C11F39DE5C00D8B470;
					};
				};
			};
			buildConfigurationList = A40914BD1F39DE5C00D8B470 /* Build configuration list for PBXProject "MVVM" */;
			compatibilityVersion = "Xcode 3.2";
			developmentRegion = English;
			hasScannedForEncodings = 0;
			knownRegions = (
				en,
				Base,
			);
			mainGroup = A40914B91F39DE5C00D8B470;
			productRefGroup = A40914C31F39DE5C00D8B470 /* Products */;
			projectDirPath = "";
			projectRoot = "";
			targets = (
				A40914C11F39DE5C00D8B470 /* MVVM */,
				A40914DA1F39DE5C00D8B470 /* MVVMTests */,
				A40914E51F39DE5C00D8B470 /* MVVMUITests */,
			);
		};
/* End PBXProject section */

/* Begin PBXResourcesBuildPhase section */
		A40914C01F39DE5C00D8B470 /* Resources */ = {
			isa = PBXResourcesBuildPhase;
			buildActionMask = 2147483647;
			files = (
				A40914D51F39DE5C00D8B470 /* LaunchScreen.storyboard in Resources */,
				A40914D21F39DE5C00D8B470 /* Assets.xcassets in Resources */,
				A40914D01F39DE5C00D8B470 /* Main.storyboard in Resources */,
			);
			runOnlyForDeploymentPostprocessing = 0;
		};
		A40914D91F39DE5C00D8B470 /* Resources */ = {
			isa = PBXResourcesBuildPhase;
			buildActionMask = 2147483647;
			files = (
			);
			runOnlyForDeploymentPostprocessing = 0;
		};
		A40914E41F39DE5C00D8B470 /* Resources */ = {
			isa = PBXResourcesBuildPhase;
			buildActionMask = 2147483647;
			files = (
			);
			runOnlyForDeploymentPostprocessing = 0;
		};
/* End PBXResourcesBuildPhase section */

/* Begin PBXShellScriptBuildPhase section */
		425877AA386CAB43F86491A8 /* [CP] Check Pods Manifest.lock */ = {
			isa = PBXShellScriptBuildPhase;
			buildActionMask = 2147483647;
			files = (
			);
			inputPaths = (
			);
			name = "[CP] Check Pods Manifest.lock";
			outputPaths = (
			);
			runOnlyForDeploymentPostprocessing = 0;
			shellPath = /bin/sh;
			shellScript = "diff \"${PODS_ROOT}/../Podfile.lock\" \"${PODS_ROOT}/Manifest.lock\" > /dev/null\nif [ $? != 0 ] ; then\n    # print error to STDERR\n    echo \"error: The sandbox is not in sync with the Podfile.lock. Run 'pod install' or update your CocoaPods installation.\" >&2\n    exit 1\nfi\n";
			showEnvVarsInLog = 0;
		};
		89BB389BAA5ACAE028951A81 /* [CP] Embed Pods Frameworks */ = {
			isa = PBXShellScriptBuildPhase;
			buildActionMask = 2147483647;
			files = (
			);
			inputPaths = (
			);
			name = "[CP] Embed Pods Frameworks";
			outputPaths = (
			);
			runOnlyForDeploymentPostprocessing = 0;
			shellPath = /bin/sh;
			shellScript = "\"${SRCROOT}/Pods/Target Support Files/Pods-MVVM/Pods-MVVM-frameworks.sh\"\n";
			showEnvVarsInLog = 0;
		};
		BC4B0D4532D4FC314C26C259 /* [CP] Copy Pods Resources */ = {
			isa = PBXShellScriptBuildPhase;
			buildActionMask = 2147483647;
			files = (
			);
			inputPaths = (
			);
			name = "[CP] Copy Pods Resources";
			outputPaths = (
			);
			runOnlyForDeploymentPostprocessing = 0;
			shellPath = /bin/sh;
			shellScript = "\"${SRCROOT}/Pods/Target Support Files/Pods-MVVM/Pods-MVVM-resources.sh\"\n";
			showEnvVarsInLog = 0;
		};
/* End PBXShellScriptBuildPhase section */

/* Begin PBXSourcesBuildPhase section */
		A40914BE1F39DE5C00D8B470 /* Sources */ = {
			isa = PBXSourcesBuildPhase;
			buildActionMask = 2147483647;
			files = (
				A40915031F39E50C00D8B470 /* MessageViewModel.m in Sources */,
				A40914CD1F39DE5C00D8B470 /* ViewController.m in Sources */,
				A40914FD1F39E32E00D8B470 /* MessageCell.m in Sources */,
				A40915001F39E4F500D8B470 /* MessageModel.m in Sources */,
				A40914CA1F39DE5C00D8B470 /* AppDelegate.m in Sources */,
				A40915081F39EBB600D8B470 /* Zltools.m in Sources */,
				A40914C71F39DE5C00D8B470 /* main.m in Sources */,
			);
			runOnlyForDeploymentPostprocessing = 0;
		};
		A40914D71F39DE5C00D8B470 /* Sources */ = {
			isa = PBXSourcesBuildPhase;
			buildActionMask = 2147483647;
			files = (
				A40914E01F39DE5C00D8B470 /* MVVMTests.m in Sources */,
			);
			runOnlyForDeploymentPostprocessing = 0;
		};
		A40914E21F39DE5C00D8B470 /* Sources */ = {
			isa = PBXSourcesBuildPhase;
			buildActionMask = 2147483647;
			files = (
				A40914EB1F39DE5C00D8B470 /* MVVMUITests.m in Sources */,
			);
			runOnlyForDeploymentPostprocessing = 0;
		};
/* End PBXSourcesBuildPhase section */

/* Begin PBXTargetDependency section */
		A40914DD1F39DE5C00D8B470 /* PBXTargetDependency */ = {
			isa = PBXTargetDependency;
			target = A40914C11F39DE5C00D8B470 /* MVVM */;
			targetProxy = A40914DC1F39DE5C00D8B470 /* PBXContainerItemProxy */;
		};
		A40914E81F39DE5C00D8B470 /* PBXTargetDependency */ = {
			isa = PBXTargetDependency;
			target = A40914C11F39DE5C00D8B470 /* MVVM */;
			targetProxy = A40914E71F39DE5C00D8B470 /* PBXContainerItemProxy */;
		};
/* End PBXTargetDependency section */

/* Begin PBXVariantGroup section */
		A40914CE1F39DE5C00D8B470 /* Main.storyboard */ = {
			isa = PBXVariantGroup;
			children = (
				A40914CF1F39DE5C00D8B470 /* Base */,
			);
			name = Main.storyboard;
			sourceTree = "<group>";
		};
		A40914D31F39DE5C00D8B470 /* LaunchScreen.storyboard */ = {
			isa = PBXVariantGroup;
			children = (
				A40914D41F39DE5C00D8B470 /* Base */,
			);
			name = LaunchScreen.storyboard;
			sourceTree = "<group>";
		};
/* End PBXVariantGroup section */

/* Begin XCBuildConfiguration section */
		A40914ED1F39DE5C00D8B470 /* Debug */ = {
			isa = XCBuildConfiguration;
			buildSettings = {
				ALWAYS_SEARCH_USER_PATHS = NO;
				CLANG_ANALYZER_NONNULL = YES;
				CLANG_CXX_LANGUAGE_STANDARD = "gnu++0x";
				CLANG_CXX_LIBRARY = "libc++";
				CLANG_ENABLE_MODULES = YES;
				CLANG_ENABLE_OBJC_ARC = YES;
				CLANG_WARN_BOOL_CONVERSION = YES;
				CLANG_WARN_CONSTANT_CONVERSION = YES;
				CLANG_WARN_DIRECT_OBJC_ISA_USAGE = YES_ERROR;
				CLANG_WARN_DOCUMENTATION_COMMENTS = YES;
				CLANG_WARN_EMPTY_BODY = YES;
				CLANG_WARN_ENUM_CONVERSION = YES;
				CLANG_WARN_INFINITE_RECURSION = YES;
				CLANG_WARN_INT_CONVERSION = YES;
				CLANG_WARN_OBJC_ROOT_CLASS = YES_ERROR;
				CLANG_WARN_SUSPICIOUS_MOVE = YES;
				CLANG_WARN_UNREACHABLE_CODE = YES;
				CLANG_WARN__DUPLICATE_METHOD_MATCH = YES;
				"CODE_SIGN_IDENTITY[sdk=iphoneos*]" = "iPhone Developer";
				COPY_PHASE_STRIP = NO;
				DEBUG_INFORMATION_FORMAT = dwarf;
				ENABLE_STRICT_OBJC_MSGSEND = YES;
				ENABLE_TESTABILITY = YES;
				GCC_C_LANGUAGE_STANDARD = gnu99;
				GCC_DYNAMIC_NO_PIC = NO;
				GCC_NO_COMMON_BLOCKS = YES;
				GCC_OPTIMIZATION_LEVEL = 0;
				GCC_PREPROCESSOR_DEFINITIONS = (
					"DEBUG=1",
					"$(inherited)",
				);
				GCC_WARN_64_TO_32_BIT_CONVERSION = YES;
				GCC_WARN_ABOUT_RETURN_TYPE = YES_ERROR;
				GCC_WARN_UNDECLARED_SELECTOR = YES;
				GCC_WARN_UNINITIALIZED_AUTOS = YES_AGGRESSIVE;
				GCC_WARN_UNUSED_FUNCTION = YES;
				GCC_WARN_UNUSED_VARIABLE = YES;
				IPHONEOS_DEPLOYMENT_TARGET = 10.2;
				MTL_ENABLE_DEBUG_INFO = YES;
				ONLY_ACTIVE_ARCH = YES;
				SDKROOT = iphoneos;
				TARGETED_DEVICE_FAMILY = "1,2";
			};
			name = Debug;
		};
		A40914EE1F39DE5C00D8B470 /* Release */ = {
			isa = XCBuildConfiguration;
			buildSettings = {
				ALWAYS_SEARCH_USER_PATHS = NO;
				CLANG_ANALYZER_NONNULL = YES;
				CLANG_CXX_LANGUAGE_STANDARD = "gnu++0x";
				CLANG_CXX_LIBRARY = "libc++";
				CLANG_ENABLE_MODULES = YES;
				CLANG_ENABLE_OBJC_ARC = YES;
				CLANG_WARN_BOOL_CONVERSION = YES;
				CLANG_WARN_CONSTANT_CONVERSION = YES;
				CLANG_WARN_DIRECT_OBJC_ISA_USAGE = YES_ERROR;
				CLANG_WARN_DOCUMENTATION_COMMENTS = YES;
				CLANG_WARN_EMPTY_BODY = YES;
				CLANG_WARN_ENUM_CONVERSION = YES;
				CLANG_WARN_INFINITE_RECURSION = YES;
				CLANG_WARN_INT_CONVERSION = YES;
				CLANG_WARN_OBJC_ROOT_CLASS = YES_ERROR;
				CLANG_WARN_SUSPICIOUS_MOVE = YES;
				CLANG_WARN_UNREACHABLE_CODE = YES;
				CLANG_WARN__DUPLICATE_METHOD_MATCH = YES;
				"CODE_SIGN_IDENTITY[sdk=iphoneos*]" = "iPhone Developer";
				COPY_PHASE_STRIP = NO;
				DEBUG_INFORMATION_FORMAT = "dwarf-with-dsym";
				ENABLE_NS_ASSERTIONS = NO;
				ENABLE_STRICT_OBJC_MSGSEND = YES;
				GCC_C_LANGUAGE_STANDARD = gnu99;
				GCC_NO_COMMON_BLOCKS = YES;
				GCC_WARN_64_TO_32_BIT_CONVERSION = YES;
				GCC_WARN_ABOUT_RETURN_TYPE = YES_ERROR;
				GCC_WARN_UNDECLARED_SELECTOR = YES;
				GCC_WARN_UNINITIALIZED_AUTOS = YES_AGGRESSIVE;
				GCC_WARN_UNUSED_FUNCTION = YES;
				GCC_WARN_UNUSED_VARIABLE = YES;
				IPHONEOS_DEPLOYMENT_TARGET = 10.2;
				MTL_ENABLE_DEBUG_INFO = NO;
				SDKROOT = iphoneos;
				TARGETED_DEVICE_FAMILY = "1,2";
				VALIDATE_PRODUCT = YES;
			};
			name = Release;
		};
		A40914F01F39DE5C00D8B470 /* Debug */ = {
			isa = XCBuildConfiguration;
			baseConfigurationReference = 4864DB96F48A7A79B11E48C3 /* Pods-MVVM.debug.xcconfig */;
			buildSettings = {
				ASSETCATALOG_COMPILER_APPICON_NAME = AppIcon;
				DEVELOPMENT_TEAM = R8J52W555P;
				INFOPLIST_FILE = MVVM/Info.plist;
				LD_RUNPATH_SEARCH_PATHS = "$(inherited) @executable_path/Frameworks";
				PRODUCT_BUNDLE_IDENTIFIER = ZhaoLe.MVVM;
				PRODUCT_NAME = "$(TARGET_NAME)";
			};
			name = Debug;
		};
		A40914F11F39DE5C00D8B470 /* Release */ = {
			isa = XCBuildConfiguration;
			baseConfigurationReference = E70F3C9FD42053CCC22C7465 /* Pods-MVVM.release.xcconfig */;
			buildSettings = {
				ASSETCATALOG_COMPILER_APPICON_NAME = AppIcon;
				DEVELOPMENT_TEAM = R8J52W555P;
				INFOPLIST_FILE = MVVM/Info.plist;
				LD_RUNPATH_SEARCH_PATHS = "$(inherited) @executable_path/Frameworks";
				PRODUCT_BUNDLE_IDENTIFIER = ZhaoLe.MVVM;
				PRODUCT_NAME = "$(TARGET_NAME)";
			};
			name = Release;
		};
		A40914F31F39DE5C00D8B470 /* Debug */ = {
			isa = XCBuildConfiguration;
			buildSettings = {
				BUNDLE_LOADER = "$(TEST_HOST)";
				DEVELOPMENT_TEAM = R8J52W555P;
				INFOPLIST_FILE = MVVMTests/Info.plist;
				LD_RUNPATH_SEARCH_PATHS = "$(inherited) @executable_path/Frameworks @loader_path/Frameworks";
				PRODUCT_BUNDLE_IDENTIFIER = ZhaoLe.MVVMTests;
				PRODUCT_NAME = "$(TARGET_NAME)";
				TEST_HOST = "$(BUILT_PRODUCTS_DIR)/MVVM.app/MVVM";
			};
			name = Debug;
		};
		A40914F41F39DE5C00D8B470 /* Release */ = {
			isa = XCBuildConfiguration;
			buildSettings = {
				BUNDLE_LOADER = "$(TEST_HOST)";
				DEVELOPMENT_TEAM = R8J52W555P;
				INFOPLIST_FILE = MVVMTests/Info.plist;
				LD_RUNPATH_SEARCH_PATHS = "$(inherited) @executable_path/Frameworks @loader_path/Frameworks";
				PRODUCT_BUNDLE_IDENTIFIER = ZhaoLe.MVVMTests;
				PRODUCT_NAME = "$(TARGET_NAME)";
				TEST_HOST = "$(BUILT_PRODUCTS_DIR)/MVVM.app/MVVM";
			};
			name = Release;
		};
		A40914F61F39DE5C00D8B470 /* Debug */ = {
			isa = XCBuildConfiguration;
			buildSettings = {
				DEVELOPMENT_TEAM = R8J52W555P;
				INFOPLIST_FILE = MVVMUITests/Info.plist;
				LD_RUNPATH_SEARCH_PATHS = "$(inherited) @executable_path/Frameworks @loader_path/Frameworks";
				PRODUCT_BUNDLE_IDENTIFIER = ZhaoLe.MVVMUITests;
				PRODUCT_NAME = "$(TARGET_NAME)";
				TEST_TARGET_NAME = MVVM;
			};
			name = Debug;
		};
		A40914F71F39DE5C00D8B470 /* Release */ = {
			isa = XCBuildConfiguration;
			buildSettings = {
				DEVELOPMENT_TEAM = R8J52W555P;
				INFOPLIST_FILE = MVVMUITests/Info.plist;
				LD_RUNPATH_SEARCH_PATHS = "$(inherited) @executable_path/Frameworks @loader_path/Frameworks";
				PRODUCT_BUNDLE_IDENTIFIER = ZhaoLe.MVVMUITests;
				PRODUCT_NAME = "$(TARGET_NAME)";
				TEST_TARGET_NAME = MVVM;
			};
			name = Release;
		};
/* End XCBuildConfiguration section */

/* Begin XCConfigurationList section */
		A40914BD1F39DE5C00D8B470 /* Build configuration list for PBXProject "MVVM" */ = {
			isa = XCConfigurationList;
			buildConfigurations = (
				A40914ED1F39DE5C00D8B470 /* Debug */,
				A40914EE1F39DE5C00D8B470 /* Release */,
			);
			defaultConfigurationIsVisible = 0;
			defaultConfigurationName = Release;
		};
		A40914EF1F39DE5C00D8B470 /* Build configuration list for PBXNativeTarget "MVVM" */ = {
			isa = XCConfigurationList;
			buildConfigurations = (
				A40914F01F39DE5C00D8B470 /* Debug */,
				A40914F11F39DE5C00D8B470 /* Release */,
			);
			defaultConfigurationIsVisible = 0;
			defaultConfigurationName = Release;
		};
		A40914F21F39DE5C00D8B470 /* Build configuration list for PBXNativeTarget "MVVMTests" */ = {
			isa = XCConfigurationList;
			buildConfigurations = (
				A40914F31F39DE5C00D8B470 /* Debug */,
				A40914F41F39DE5C00D8B470 /* Release */,
			);
			defaultConfigurationIsVisible = 0;
			defaultConfigurationName = Release;
		};
		A40914F51F39DE5C00D8B470 /* Build configuration list for PBXNativeTarget "MVVMUITests" */ = {
			isa = XCConfigurationList;
			buildConfigurations = (
				A40914F61F39DE5C00D8B470 /* Debug */,
				A40914F71F39DE5C00D8B470 /* Release */,
			);
			defaultConfigurationIsVisible = 0;
			defaultConfigurationName = Release;
		};
/* End XCConfigurationList section */
	};
	rootObject = A40914BA1F39DE5C00D8B470 /* Project object */;
}
